
Microsoft Visual Studio Solution File, Format Version 12.00
# Visual Studio Version 17
VisualStudioVersion = 17.1.32421.90
MinimumVisualStudioVersion = 10.0.40219.1
Project("{9A19103F-16F7-4668-BE54-9A1E7A4F7556}") = "ArrumaCaixasBG", "ArrumaCaixasBG\ArrumaCaixasBG.csproj", "{DA20E4F8-4044-414A-AA5B-35F9E855D13B}"
EndProject
Project("{9A19103F-16F7-4668-BE54-9A1E7A4F7556}") = "ArrumaCaixasBG.Dominio", "ArrumaCaixasBG.Dominio\ArrumaCaixasBG.Dominio.csproj", "{28BD08B4-3F53-4633-9AD7-FF73F7662E34}"
EndProject
Project("{2150E333-8FDC-42A3-9474-1A3956D46DE8}") = "Solution Items", "Solution Items", "{07067CDF-2692-4449-B6C7-E7A9FC070FDE}"
	ProjectSection(SolutionItems) = preProject
		.editorconfig = .editorconfig
	EndProjectSection
EndProject
Project("{9A19103F-16F7-4668-BE54-9A1E7A4F7556}") = "ArrumaCaixasBG.DadosCSV", "ArrumaCaixasBG.DadosCSV\ArrumaCaixasBG.DadosCSV.csproj", "{9EB6484D-D063-4465-A617-007E8A4D1C01}"
EndProject
Project("{2150E333-8FDC-42A3-9474-1A3956D46DE8}") = "CodigoExterno", "CodigoExterno", "{0FC26B3D-8B78-48A0-9A3E-43DF8CB6FBFF}"
EndProject
Project("{9A19103F-16F7-4668-BE54-9A1E7A4F7556}") = "Sharp3DBinPacking", "Sharp3DBinPacking\Sharp3DBinPacking\Sharp3DBinPacking.csproj", "{A605B683-4FEC-4788-B47E-2E0580162FE5}"
EndProject
Project("{9A19103F-16F7-4668-BE54-9A1E7A4F7556}") = "ArrumaCaixasBG.SolucaoCaixa", "ArrumaCaixasBG.SolucaoCaixa\ArrumaCaixasBG.SolucaoCaixa.csproj", "{70CA3B7C-3CE9-4C60-9867-DE6094DF76FB}"
EndProject
Project("{9A19103F-16F7-4668-BE54-9A1E7A4F7556}") = "ArrumaCaixasBG.MostrarImagens", "ArrumaCaixasBG.MostrarImagens\ArrumaCaixasBG.MostrarImagens.csproj", "{B9AF1CEB-6101-46AF-A753-FE9D979A2306}"
EndProject
Project("{9A19103F-16F7-4668-BE54-9A1E7A4F7556}") = "ArrumaCaixasBG.GeraXML", "ArrumaCaixasBG.GeraXML\ArrumaCaixasBG.GeraXML.csproj", "{E4ED93F3-F232-46A3-A352-EAFA2590C937}"
EndProject
Project("{9A19103F-16F7-4668-BE54-9A1E7A4F7556}") = "SC.ObjectModel", "sardine-can\SC.ObjectModel\SC.ObjectModel.csproj", "{BB60A7FD-3F15-4F20-8B15-701253554E25}"
EndProject
Project("{9A19103F-16F7-4668-BE54-9A1E7A4F7556}") = "SC.Toolbox", "sardine-can\SC.Toolbox\SC.Toolbox.csproj", "{741388FF-78F7-48AD-B328-4FE70F728217}"
EndProject
Project("{9A19103F-16F7-4668-BE54-9A1E7A4F7556}") = "SC.Linear", "sardine-can\SC.Linear\SC.Linear.csproj", "{49C69B02-A6D1-4B08-ABA0-DD3645F510C7}"
EndProject
Project("{9A19103F-16F7-4668-BE54-9A1E7A4F7556}") = "SC.Heuristics", "sardine-can\SC.Heuristics\SC.Heuristics.csproj", "{294238B4-32C3-4405-980F-A0E240064360}"
EndProject
Project("{9A19103F-16F7-4668-BE54-9A1E7A4F7556}") = "ArrumaCaixasBG.SolucaoSardine", "ArrumaCaixasBG.SolucaoSardine\ArrumaCaixasBG.SolucaoSardine.csproj", "{ADDDD6CF-8540-41E2-A4C2-DD4F45524858}"
EndProject
Project("{FAE04EC0-301F-11D3-BF4B-00C04F79EFBC}") = "ArrumaCaixasBG.Blazor", "ArrumaCaixasBG.Blazor\ArrumaCaixasBG.Blazor.csproj", "{8622C40A-07A5-4D7B-ADFA-7600EB2499B6}"
EndProject
Global
	GlobalSection(SolutionConfigurationPlatforms) = preSolution
		Debug|Any CPU = Debug|Any CPU
		Debug|x64 = Debug|x64
		Debug|x86 = Debug|x86
		Release|Any CPU = Release|Any CPU
		Release|x64 = Release|x64
		Release|x86 = Release|x86
	EndGlobalSection
	GlobalSection(ProjectConfigurationPlatforms) = postSolution
		{DA20E4F8-4044-414A-AA5B-35F9E855D13B}.Debug|Any CPU.ActiveCfg = Debug|Any CPU
		{DA20E4F8-4044-414A-AA5B-35F9E855D13B}.Debug|Any CPU.Build.0 = Debug|Any CPU
		{DA20E4F8-4044-414A-AA5B-35F9E855D13B}.Debug|x64.ActiveCfg = Debug|Any CPU
		{DA20E4F8-4044-414A-AA5B-35F9E855D13B}.Debug|x64.Build.0 = Debug|Any CPU
		{DA20E4F8-4044-414A-AA5B-35F9E855D13B}.Debug|x86.ActiveCfg = Debug|Any CPU
		{DA20E4F8-4044-414A-AA5B-35F9E855D13B}.Debug|x86.Build.0 = Debug|Any CPU
		{DA20E4F8-4044-414A-AA5B-35F9E855D13B}.Release|Any CPU.ActiveCfg = Release|Any CPU
		{DA20E4F8-4044-414A-AA5B-35F9E855D13B}.Release|Any CPU.Build.0 = Release|Any CPU
		{DA20E4F8-4044-414A-AA5B-35F9E855D13B}.Release|x64.ActiveCfg = Release|Any CPU
		{DA20E4F8-4044-414A-AA5B-35F9E855D13B}.Release|x64.Build.0 = Release|Any CPU
		{DA20E4F8-4044-414A-AA5B-35F9E855D13B}.Release|x86.ActiveCfg = Release|Any CPU
		{DA20E4F8-4044-414A-AA5B-35F9E855D13B}.Release|x86.Build.0 = Release|Any CPU
		{28BD08B4-3F53-4633-9AD7-FF73F7662E34}.Debug|Any CPU.ActiveCfg = Debug|Any CPU
		{28BD08B4-3F53-4633-9AD7-FF73F7662E34}.Debug|Any CPU.Build.0 = Debug|Any CPU
		{28BD08B4-3F53-4633-9AD7-FF73F7662E34}.Debug|x64.ActiveCfg = Debug|Any CPU
		{28BD08B4-3F53-4633-9AD7-FF73F7662E34}.Debug|x64.Build.0 = Debug|Any CPU
		{28BD08B4-3F53-4633-9AD7-FF73F7662E34}.Debug|x86.ActiveCfg = Debug|Any CPU
		{28BD08B4-3F53-4633-9AD7-FF73F7662E34}.Debug|x86.Build.0 = Debug|Any CPU
		{28BD08B4-3F53-4633-9AD7-FF73F7662E34}.Release|Any CPU.ActiveCfg = Release|Any CPU
		{28BD08B4-3F53-4633-9AD7-FF73F7662E34}.Release|Any CPU.Build.0 = Release|Any CPU
		{28BD08B4-3F53-4633-9AD7-FF73F7662E34}.Release|x64.ActiveCfg = Release|Any CPU
		{28BD08B4-3F53-4633-9AD7-FF73F7662E34}.Release|x64.Build.0 = Release|Any CPU
		{28BD08B4-3F53-4633-9AD7-FF73F7662E34}.Release|x86.ActiveCfg = Release|Any CPU
		{28BD08B4-3F53-4633-9AD7-FF73F7662E34}.Release|x86.Build.0 = Release|Any CPU
		{9EB6484D-D063-4465-A617-007E8A4D1C01}.Debug|Any CPU.ActiveCfg = Debug|Any CPU
		{9EB6484D-D063-4465-A617-007E8A4D1C01}.Debug|Any CPU.Build.0 = Debug|Any CPU
		{9EB6484D-D063-4465-A617-007E8A4D1C01}.Debug|x64.ActiveCfg = Debug|Any CPU
		{9EB6484D-D063-4465-A617-007E8A4D1C01}.Debug|x64.Build.0 = Debug|Any CPU
		{9EB6484D-D063-4465-A617-007E8A4D1C01}.Debug|x86.ActiveCfg = Debug|Any CPU
		{9EB6484D-D063-4465-A617-007E8A4D1C01}.Debug|x86.Build.0 = Debug|Any CPU
		{9EB6484D-D063-4465-A617-007E8A4D1C01}.Release|Any CPU.ActiveCfg = Release|Any CPU
		{9EB6484D-D063-4465-A617-007E8A4D1C01}.Release|Any CPU.Build.0 = Release|Any CPU
		{9EB6484D-D063-4465-A617-007E8A4D1C01}.Release|x64.ActiveCfg = Release|Any CPU
		{9EB6484D-D063-4465-A617-007E8A4D1C01}.Release|x64.Build.0 = Release|Any CPU
		{9EB6484D-D063-4465-A617-007E8A4D1C01}.Release|x86.ActiveCfg = Release|Any CPU
		{9EB6484D-D063-4465-A617-007E8A4D1C01}.Release|x86.Build.0 = Release|Any CPU
		{A605B683-4FEC-4788-B47E-2E0580162FE5}.Debug|Any CPU.ActiveCfg = Debug|Any CPU
		{A605B683-4FEC-4788-B47E-2E0580162FE5}.Debug|Any CPU.Build.0 = Debug|Any CPU
		{A605B683-4FEC-4788-B47E-2E0580162FE5}.Debug|x64.ActiveCfg = Debug|Any CPU
		{A605B683-4FEC-4788-B47E-2E0580162FE5}.Debug|x64.Build.0 = Debug|Any CPU
		{A605B683-4FEC-4788-B47E-2E0580162FE5}.Debug|x86.ActiveCfg = Debug|Any CPU
		{A605B683-4FEC-4788-B47E-2E0580162FE5}.Debug|x86.Build.0 = Debug|Any CPU
		{A605B683-4FEC-4788-B47E-2E0580162FE5}.Release|Any CPU.ActiveCfg = Release|Any CPU
		{A605B683-4FEC-4788-B47E-2E0580162FE5}.Release|Any CPU.Build.0 = Release|Any CPU
		{A605B683-4FEC-4788-B47E-2E0580162FE5}.Release|x64.ActiveCfg = Release|Any CPU
		{A605B683-4FEC-4788-B47E-2E0580162FE5}.Release|x64.Build.0 = Release|Any CPU
		{A605B683-4FEC-4788-B47E-2E0580162FE5}.Release|x86.ActiveCfg = Release|Any CPU
		{A605B683-4FEC-4788-B47E-2E0580162FE5}.Release|x86.Build.0 = Release|Any CPU
		{70CA3B7C-3CE9-4C60-9867-DE6094DF76FB}.Debug|Any CPU.ActiveCfg = Debug|Any CPU
		{70CA3B7C-3CE9-4C60-9867-DE6094DF76FB}.Debug|Any CPU.Build.0 = Debug|Any CPU
		{70CA3B7C-3CE9-4C60-9867-DE6094DF76FB}.Debug|x64.ActiveCfg = Debug|Any CPU
		{70CA3B7C-3CE9-4C60-9867-DE6094DF76FB}.Debug|x64.Build.0 = Debug|Any CPU
		{70CA3B7C-3CE9-4C60-9867-DE6094DF76FB}.Debug|x86.ActiveCfg = Debug|Any CPU
		{70CA3B7C-3CE9-4C60-9867-DE6094DF76FB}.Debug|x86.Build.0 = Debug|Any CPU
		{70CA3B7C-3CE9-4C60-9867-DE6094DF76FB}.Release|Any CPU.ActiveCfg = Release|Any CPU
		{70CA3B7C-3CE9-4C60-9867-DE6094DF76FB}.Release|Any CPU.Build.0 = Release|Any CPU
		{70CA3B7C-3CE9-4C60-9867-DE6094DF76FB}.Release|x64.ActiveCfg = Release|Any CPU
		{70CA3B7C-3CE9-4C60-9867-DE6094DF76FB}.Release|x64.Build.0 = Release|Any CPU
		{70CA3B7C-3CE9-4C60-9867-DE6094DF76FB}.Release|x86.ActiveCfg = Release|Any CPU
		{70CA3B7C-3CE9-4C60-9867-DE6094DF76FB}.Release|x86.Build.0 = Release|Any CPU
		{B9AF1CEB-6101-46AF-A753-FE9D979A2306}.Debug|Any CPU.ActiveCfg = Debug|Any CPU
		{B9AF1CEB-6101-46AF-A753-FE9D979A2306}.Debug|Any CPU.Build.0 = Debug|Any CPU
		{B9AF1CEB-6101-46AF-A753-FE9D979A2306}.Debug|x64.ActiveCfg = Debug|Any CPU
		{B9AF1CEB-6101-46AF-A753-FE9D979A2306}.Debug|x64.Build.0 = Debug|Any CPU
		{B9AF1CEB-6101-46AF-A753-FE9D979A2306}.Debug|x86.ActiveCfg = Debug|Any CPU
		{B9AF1CEB-6101-46AF-A753-FE9D979A2306}.Debug|x86.Build.0 = Debug|Any CPU
		{B9AF1CEB-6101-46AF-A753-FE9D979A2306}.Release|Any CPU.ActiveCfg = Release|Any CPU
		{B9AF1CEB-6101-46AF-A753-FE9D979A2306}.Release|Any CPU.Build.0 = Release|Any CPU
		{B9AF1CEB-6101-46AF-A753-FE9D979A2306}.Release|x64.ActiveCfg = Release|Any CPU
		{B9AF1CEB-6101-46AF-A753-FE9D979A2306}.Release|x64.Build.0 = Release|Any CPU
		{B9AF1CEB-6101-46AF-A753-FE9D979A2306}.Release|x86.ActiveCfg = Release|Any CPU
		{B9AF1CEB-6101-46AF-A753-FE9D979A2306}.Release|x86.Build.0 = Release|Any CPU
		{E4ED93F3-F232-46A3-A352-EAFA2590C937}.Debug|Any CPU.ActiveCfg = Debug|Any CPU
		{E4ED93F3-F232-46A3-A352-EAFA2590C937}.Debug|Any CPU.Build.0 = Debug|Any CPU
		{E4ED93F3-F232-46A3-A352-EAFA2590C937}.Debug|x64.ActiveCfg = Debug|Any CPU
		{E4ED93F3-F232-46A3-A352-EAFA2590C937}.Debug|x64.Build.0 = Debug|Any CPU
		{E4ED93F3-F232-46A3-A352-EAFA2590C937}.Debug|x86.ActiveCfg = Debug|Any CPU
		{E4ED93F3-F232-46A3-A352-EAFA2590C937}.Debug|x86.Build.0 = Debug|Any CPU
		{E4ED93F3-F232-46A3-A352-EAFA2590C937}.Release|Any CPU.ActiveCfg = Release|Any CPU
		{E4ED93F3-F232-46A3-A352-EAFA2590C937}.Release|Any CPU.Build.0 = Release|Any CPU
		{E4ED93F3-F232-46A3-A352-EAFA2590C937}.Release|x64.ActiveCfg = Release|Any CPU
		{E4ED93F3-F232-46A3-A352-EAFA2590C937}.Release|x64.Build.0 = Release|Any CPU
		{E4ED93F3-F232-46A3-A352-EAFA2590C937}.Release|x86.ActiveCfg = Release|Any CPU
		{E4ED93F3-F232-46A3-A352-EAFA2590C937}.Release|x86.Build.0 = Release|Any CPU
		{BB60A7FD-3F15-4F20-8B15-701253554E25}.Debug|Any CPU.ActiveCfg = Debug|x64
		{BB60A7FD-3F15-4F20-8B15-701253554E25}.Debug|Any CPU.Build.0 = Debug|x64
		{BB60A7FD-3F15-4F20-8B15-701253554E25}.Debug|x64.ActiveCfg = Debug|x64
		{BB60A7FD-3F15-4F20-8B15-701253554E25}.Debug|x64.Build.0 = Debug|x64
		{BB60A7FD-3F15-4F20-8B15-701253554E25}.Debug|x86.ActiveCfg = Debug|x86
		{BB60A7FD-3F15-4F20-8B15-701253554E25}.Debug|x86.Build.0 = Debug|x86
		{BB60A7FD-3F15-4F20-8B15-701253554E25}.Release|Any CPU.ActiveCfg = Release|x64
		{BB60A7FD-3F15-4F20-8B15-701253554E25}.Release|Any CPU.Build.0 = Release|x64
		{BB60A7FD-3F15-4F20-8B15-701253554E25}.Release|x64.ActiveCfg = Release|x64
		{BB60A7FD-3F15-4F20-8B15-701253554E25}.Release|x64.Build.0 = Release|x64
		{BB60A7FD-3F15-4F20-8B15-701253554E25}.Release|x86.ActiveCfg = Release|x86
		{BB60A7FD-3F15-4F20-8B15-701253554E25}.Release|x86.Build.0 = Release|x86
		{741388FF-78F7-48AD-B328-4FE70F728217}.Debug|Any CPU.ActiveCfg = Debug|x64
		{741388FF-78F7-48AD-B328-4FE70F728217}.Debug|Any CPU.Build.0 = Debug|x64
		{741388FF-78F7-48AD-B328-4FE70F728217}.Debug|x64.ActiveCfg = Debug|x64
		{741388FF-78F7-48AD-B328-4FE70F728217}.Debug|x64.Build.0 = Debug|x64
		{741388FF-78F7-48AD-B328-4FE70F728217}.Debug|x86.ActiveCfg = Debug|x86
		{741388FF-78F7-48AD-B328-4FE70F728217}.Debug|x86.Build.0 = Debug|x86
		{741388FF-78F7-48AD-B328-4FE70F728217}.Release|Any CPU.ActiveCfg = Release|x64
		{741388FF-78F7-48AD-B328-4FE70F728217}.Release|Any CPU.Build.0 = Release|x64
		{741388FF-78F7-48AD-B328-4FE70F728217}.Release|x64.ActiveCfg = Release|x64
		{741388FF-78F7-48AD-B328-4FE70F728217}.Release|x64.Build.0 = Release|x64
		{741388FF-78F7-48AD-B328-4FE70F728217}.Release|x86.ActiveCfg = Release|x86
		{741388FF-78F7-48AD-B328-4FE70F728217}.Release|x86.Build.0 = Release|x86
		{49C69B02-A6D1-4B08-ABA0-DD3645F510C7}.Debug|Any CPU.ActiveCfg = Debug|x64
		{49C69B02-A6D1-4B08-ABA0-DD3645F510C7}.Debug|Any CPU.Build.0 = Debug|x64
		{49C69B02-A6D1-4B08-ABA0-DD3645F510C7}.Debug|x64.ActiveCfg = Debug|x64
		{49C69B02-A6D1-4B08-ABA0-DD3645F510C7}.Debug|x64.Build.0 = Debug|x64
		{49C69B02-A6D1-4B08-ABA0-DD3645F510C7}.Debug|x86.ActiveCfg = Debug|x86
		{49C69B02-A6D1-4B08-ABA0-DD3645F510C7}.Debug|x86.Build.0 = Debug|x86
		{49C69B02-A6D1-4B08-ABA0-DD3645F510C7}.Release|Any CPU.ActiveCfg = Release|x64
		{49C69B02-A6D1-4B08-ABA0-DD3645F510C7}.Release|Any CPU.Build.0 = Release|x64
		{49C69B02-A6D1-4B08-ABA0-DD3645F510C7}.Release|x64.ActiveCfg = Release|x64
		{49C69B02-A6D1-4B08-ABA0-DD3645F510C7}.Release|x64.Build.0 = Release|x64
		{49C69B02-A6D1-4B08-ABA0-DD3645F510C7}.Release|x86.ActiveCfg = Release|x86
		{49C69B02-A6D1-4B08-ABA0-DD3645F510C7}.Release|x86.Build.0 = Release|x86
		{294238B4-32C3-4405-980F-A0E240064360}.Debug|Any CPU.ActiveCfg = Debug|x64
		{294238B4-32C3-4405-980F-A0E240064360}.Debug|Any CPU.Build.0 = Debug|x64
		{294238B4-32C3-4405-980F-A0E240064360}.Debug|x64.ActiveCfg = Debug|x64
		{294238B4-32C3-4405-980F-A0E240064360}.Debug|x64.Build.0 = Debug|x64
		{294238B4-32C3-4405-980F-A0E240064360}.Debug|x86.ActiveCfg = Debug|x86
		{294238B4-32C3-4405-980F-A0E240064360}.Debug|x86.Build.0 = Debug|x86
		{294238B4-32C3-4405-980F-A0E240064360}.Release|Any CPU.ActiveCfg = Release|x64
		{294238B4-32C3-4405-980F-A0E240064360}.Release|Any CPU.Build.0 = Release|x64
		{294238B4-32C3-4405-980F-A0E240064360}.Release|x64.ActiveCfg = Release|x64
		{294238B4-32C3-4405-980F-A0E240064360}.Release|x64.Build.0 = Release|x64
		{294238B4-32C3-4405-980F-A0E240064360}.Release|x86.ActiveCfg = Release|x86
		{294238B4-32C3-4405-980F-A0E240064360}.Release|x86.Build.0 = Release|x86
		{ADDDD6CF-8540-41E2-A4C2-DD4F45524858}.Debug|Any CPU.ActiveCfg = Debug|Any CPU
		{ADDDD6CF-8540-41E2-A4C2-DD4F45524858}.Debug|Any CPU.Build.0 = Debug|Any CPU
		{ADDDD6CF-8540-41E2-A4C2-DD4F45524858}.Debug|x64.ActiveCfg = Debug|Any CPU
		{ADDDD6CF-8540-41E2-A4C2-DD4F45524858}.Debug|x64.Build.0 = Debug|Any CPU
		{ADDDD6CF-8540-41E2-A4C2-DD4F45524858}.Debug|x86.ActiveCfg = Debug|Any CPU
		{ADDDD6CF-8540-41E2-A4C2-DD4F45524858}.Debug|x86.Build.0 = Debug|Any CPU
		{ADDDD6CF-8540-41E2-A4C2-DD4F45524858}.Release|Any CPU.ActiveCfg = Release|Any CPU
		{ADDDD6CF-8540-41E2-A4C2-DD4F45524858}.Release|Any CPU.Build.0 = Release|Any CPU
		{ADDDD6CF-8540-41E2-A4C2-DD4F45524858}.Release|x64.ActiveCfg = Release|Any CPU
		{ADDDD6CF-8540-41E2-A4C2-DD4F45524858}.Release|x64.Build.0 = Release|Any CPU
		{ADDDD6CF-8540-41E2-A4C2-DD4F45524858}.Release|x86.ActiveCfg = Release|Any CPU
		{ADDDD6CF-8540-41E2-A4C2-DD4F45524858}.Release|x86.Build.0 = Release|Any CPU
		{8622C40A-07A5-4D7B-ADFA-7600EB2499B6}.Debug|Any CPU.ActiveCfg = Debug|Any CPU
		{8622C40A-07A5-4D7B-ADFA-7600EB2499B6}.Debug|Any CPU.Build.0 = Debug|Any CPU
		{8622C40A-07A5-4D7B-ADFA-7600EB2499B6}.Debug|x64.ActiveCfg = Debug|Any CPU
		{8622C40A-07A5-4D7B-ADFA-7600EB2499B6}.Debug|x64.Build.0 = Debug|Any CPU
		{8622C40A-07A5-4D7B-ADFA-7600EB2499B6}.Debug|x86.ActiveCfg = Debug|Any CPU
		{8622C40A-07A5-4D7B-ADFA-7600EB2499B6}.Debug|x86.Build.0 = Debug|Any CPU
		{8622C40A-07A5-4D7B-ADFA-7600EB2499B6}.Release|Any CPU.ActiveCfg = Release|Any CPU
		{8622C40A-07A5-4D7B-ADFA-7600EB2499B6}.Release|Any CPU.Build.0 = Release|Any CPU
		{8622C40A-07A5-4D7B-ADFA-7600EB2499B6}.Release|x64.ActiveCfg = Release|Any CPU
		{8622C40A-07A5-4D7B-ADFA-7600EB2499B6}.Release|x64.Build.0 = Release|Any CPU
		{8622C40A-07A5-4D7B-ADFA-7600EB2499B6}.Release|x86.ActiveCfg = Release|Any CPU
		{8622C40A-07A5-4D7B-ADFA-7600EB2499B6}.Release|x86.Build.0 = Release|Any CPU
	EndGlobalSection
	GlobalSection(SolutionProperties) = preSolution
		HideSolutionNode = FALSE
	EndGlobalSection
	GlobalSection(NestedProjects) = preSolution
		{A605B683-4FEC-4788-B47E-2E0580162FE5} = {0FC26B3D-8B78-48A0-9A3E-43DF8CB6FBFF}
		{BB60A7FD-3F15-4F20-8B15-701253554E25} = {0FC26B3D-8B78-48A0-9A3E-43DF8CB6FBFF}
		{741388FF-78F7-48AD-B328-4FE70F728217} = {0FC26B3D-8B78-48A0-9A3E-43DF8CB6FBFF}
		{49C69B02-A6D1-4B08-ABA0-DD3645F510C7} = {0FC26B3D-8B78-48A0-9A3E-43DF8CB6FBFF}
		{294238B4-32C3-4405-980F-A0E240064360} = {0FC26B3D-8B78-48A0-9A3E-43DF8CB6FBFF}
	EndGlobalSection
	GlobalSection(ExtensibilityGlobals) = postSolution
		SolutionGuid = {EE206725-03FF-415B-BA93-04D6B9C3DF02}
	EndGlobalSection
EndGlobal
