
Microsoft Visual Studio Solution File, Format Version 12.00
# Visual Studio Version 17
VisualStudioVersion = 17.1.32421.90
MinimumVisualStudioVersion = 10.0.40219.1
Project("{9A19103F-16F7-4668-BE54-9A1E7A4F7556}") = "ArrumaCaixasBG", "ArrumaCaixasBG\ArrumaCaixasBG.csproj", "{DA20E4F8-4044-414A-AA5B-35F9E855D13B}"
EndProject
Project("{9A19103F-16F7-4668-BE54-9A1E7A4F7556}") = "ArrumaCaixasBG.Dominio", "ArrumaCaixasBG.Dominio\ArrumaCaixasBG.Dominio.csproj", "{28BD08B4-3F53-4633-9AD7-FF73F7662E34}"
EndProject
Project("{2150E333-8FDC-42A3-9474-1A3956D46DE8}") = "Solution Items", "Solution Items", "{07067CDF-2692-4449-B6C7-E7A9FC070FDE}"
	ProjectSection(SolutionItems) = preProject
		.editorconfig = .editorconfig
	EndProjectSection
EndProject
Project("{9A19103F-16F7-4668-BE54-9A1E7A4F7556}") = "ArrumaCaixasBG.DadosCSV", "ArrumaCaixasBG.DadosCSV\ArrumaCaixasBG.DadosCSV.csproj", "{9EB6484D-D063-4465-A617-007E8A4D1C01}"
EndProject
Project("{2150E333-8FDC-42A3-9474-1A3956D46DE8}") = "CodigoExterno", "CodigoExterno", "{0FC26B3D-8B78-48A0-9A3E-43DF8CB6FBFF}"
EndProject
Project("{9A19103F-16F7-4668-BE54-9A1E7A4F7556}") = "Sharp3DBinPacking", "Sharp3DBinPacking\Sharp3DBinPacking\Sharp3DBinPacking.csproj", "{A605B683-4FEC-4788-B47E-2E0580162FE5}"
EndProject
Project("{9A19103F-16F7-4668-BE54-9A1E7A4F7556}") = "ArrumaCaixasBG.SolucaoCaixa", "ArrumaCaixasBG.SolucaoCaixa\ArrumaCaixasBG.SolucaoCaixa.csproj", "{70CA3B7C-3CE9-4C60-9867-DE6094DF76FB}"
EndProject
Project("{9A19103F-16F7-4668-BE54-9A1E7A4F7556}") = "ArrumaCaixasBG.MostrarImagens", "ArrumaCaixasBG.MostrarImagens\ArrumaCaixasBG.MostrarImagens.csproj", "{B9AF1CEB-6101-46AF-A753-FE9D979A2306}"
EndProject
Project("{FAE04EC0-301F-11D3-BF4B-00C04F79EFBC}") = "ArrumaCaixasBG.SolucaoAPI", "ArrumaCaixasBG.SolucaoAPI\ArrumaCaixasBG.SolucaoAPI.csproj", "{087E966B-E65F-47E5-9CCF-D736E952934A}"
EndProject
Global
	GlobalSection(SolutionConfigurationPlatforms) = preSolution
		Debug|Any CPU = Debug|Any CPU
		Release|Any CPU = Release|Any CPU
	EndGlobalSection
	GlobalSection(ProjectConfigurationPlatforms) = postSolution
		{DA20E4F8-4044-414A-AA5B-35F9E855D13B}.Debug|Any CPU.ActiveCfg = Debug|Any CPU
		{DA20E4F8-4044-414A-AA5B-35F9E855D13B}.Debug|Any CPU.Build.0 = Debug|Any CPU
		{DA20E4F8-4044-414A-AA5B-35F9E855D13B}.Release|Any CPU.ActiveCfg = Release|Any CPU
		{DA20E4F8-4044-414A-AA5B-35F9E855D13B}.Release|Any CPU.Build.0 = Release|Any CPU
		{28BD08B4-3F53-4633-9AD7-FF73F7662E34}.Debug|Any CPU.ActiveCfg = Debug|Any CPU
		{28BD08B4-3F53-4633-9AD7-FF73F7662E34}.Debug|Any CPU.Build.0 = Debug|Any CPU
		{28BD08B4-3F53-4633-9AD7-FF73F7662E34}.Release|Any CPU.ActiveCfg = Release|Any CPU
		{28BD08B4-3F53-4633-9AD7-FF73F7662E34}.Release|Any CPU.Build.0 = Release|Any CPU
		{9EB6484D-D063-4465-A617-007E8A4D1C01}.Debug|Any CPU.ActiveCfg = Debug|Any CPU
		{9EB6484D-D063-4465-A617-007E8A4D1C01}.Debug|Any CPU.Build.0 = Debug|Any CPU
		{9EB6484D-D063-4465-A617-007E8A4D1C01}.Release|Any CPU.ActiveCfg = Release|Any CPU
		{9EB6484D-D063-4465-A617-007E8A4D1C01}.Release|Any CPU.Build.0 = Release|Any CPU
		{A605B683-4FEC-4788-B47E-2E0580162FE5}.Debug|Any CPU.ActiveCfg = Debug|Any CPU
		{A605B683-4FEC-4788-B47E-2E0580162FE5}.Debug|Any CPU.Build.0 = Debug|Any CPU
		{A605B683-4FEC-4788-B47E-2E0580162FE5}.Release|Any CPU.ActiveCfg = Release|Any CPU
		{A605B683-4FEC-4788-B47E-2E0580162FE5}.Release|Any CPU.Build.0 = Release|Any CPU
		{70CA3B7C-3CE9-4C60-9867-DE6094DF76FB}.Debug|Any CPU.ActiveCfg = Debug|Any CPU
		{70CA3B7C-3CE9-4C60-9867-DE6094DF76FB}.Debug|Any CPU.Build.0 = Debug|Any CPU
		{70CA3B7C-3CE9-4C60-9867-DE6094DF76FB}.Release|Any CPU.ActiveCfg = Release|Any CPU
		{70CA3B7C-3CE9-4C60-9867-DE6094DF76FB}.Release|Any CPU.Build.0 = Release|Any CPU
		{B9AF1CEB-6101-46AF-A753-FE9D979A2306}.Debug|Any CPU.ActiveCfg = Debug|Any CPU
		{B9AF1CEB-6101-46AF-A753-FE9D979A2306}.Debug|Any CPU.Build.0 = Debug|Any CPU
		{B9AF1CEB-6101-46AF-A753-FE9D979A2306}.Release|Any CPU.ActiveCfg = Release|Any CPU
		{B9AF1CEB-6101-46AF-A753-FE9D979A2306}.Release|Any CPU.Build.0 = Release|Any CPU
		{087E966B-E65F-47E5-9CCF-D736E952934A}.Debug|Any CPU.ActiveCfg = Debug|Any CPU
		{087E966B-E65F-47E5-9CCF-D736E952934A}.Debug|Any CPU.Build.0 = Debug|Any CPU
		{087E966B-E65F-47E5-9CCF-D736E952934A}.Release|Any CPU.ActiveCfg = Release|Any CPU
		{087E966B-E65F-47E5-9CCF-D736E952934A}.Release|Any CPU.Build.0 = Release|Any CPU
	EndGlobalSection
	GlobalSection(SolutionProperties) = preSolution
		HideSolutionNode = FALSE
	EndGlobalSection
	GlobalSection(NestedProjects) = preSolution
		{A605B683-4FEC-4788-B47E-2E0580162FE5} = {0FC26B3D-8B78-48A0-9A3E-43DF8CB6FBFF}
	EndGlobalSection
	GlobalSection(ExtensibilityGlobals) = postSolution
		SolutionGuid = {EE206725-03FF-415B-BA93-04D6B9C3DF02}
	EndGlobalSection
EndGlobal
